
Microsoft Visual Studio Solution File, Format Version 10.00
# Visual Studio 2008
Project("{8BC9CEB8-8B4A-11D0-8D11-00A0C91BC942}") = "LTCLOOk", "LTCLOOk\LTCLOOk.vcproj", "{F64F8DA3-379F-428F-BB95-652C502810B8}"
EndProject
Global
	GlobalSection(SolutionConfigurationPlatforms) = preSolution
		Debug|Win32 = Debug|Win32
		Release|Win32 = Release|Win32
	EndGlobalSection
	GlobalSection(ProjectConfigurationPlatforms) = postSolution
		{F64F8DA3-379F-428F-BB95-652C502810B8}.Debug|Win32.ActiveCfg = Debug|Win32
		{F64F8DA3-379F-428F-BB95-652C502810B8}.Debug|Win32.Build.0 = Debug|Win32
		{F64F8DA3-379F-428F-BB95-652C502810B8}.Release|Win32.ActiveCfg = Release|Win32
		{F64F8DA3-379F-428F-BB95-652C502810B8}.Release|Win32.Build.0 = Release|Win32
	EndGlobalSection
	GlobalSection(SolutionProperties) = preSolution
		HideSolutionNode = FALSE
	EndGlobalSection
EndGlobal
